{
  "nodes": {
    "base16-schemes": {
      "flake": false,
      "locked": {
        "lastModified": 1696158499,
        "narHash": "sha256-5yIHgDTPjoX/3oDEfLSQ0eJZdFL1SaCfb9d6M0RmOTM=",
        "owner": "tinted-theming",
        "repo": "base16-schemes",
        "rev": "a9112eaae86d9dd8ee6bb9445b664fba2f94037a",
        "type": "github"
      },
      "original": {
        "owner": "tinted-theming",
        "repo": "base16-schemes",
        "type": "github"
      }
    },
    "claude-code-router": {
      "inputs": {
        "nixpkgs": "nixpkgs"
      },
      "locked": {
        "lastModified": 1761882198,
        "narHash": "sha256-/9C7PGOeMFdgtBMyVv1KGB39d17kJSb91kWs5h+dBXs=",
        "owner": "agentydragon",
        "repo": "claude-code-router",
        "rev": "2b7c2ca764f74fd80a6c8b85495df7793282758d",
        "type": "github"
      },
      "original": {
        "owner": "agentydragon",
        "repo": "claude-code-router",
        "rev": "2b7c2ca764f74fd80a6c8b85495df7793282758d",
        "type": "github"
      }
    },
    "claude-hooks-wheel": {
      "flake": false,
      "locked": {
        "narHash": "sha256-tqlUUow7rzuVaO4vIC3AdYm0D5+vzURPBRejpXrMwKg=",
        "type": "file",
        "url": "https://github.com/agentydragon/ducktape/releases/download/claude-hooks-b5030df2/claude_hooks-0.1.0-py3-none-any.whl"
      },
      "original": {
        "type": "file",
        "url": "https://github.com/agentydragon/ducktape/releases/download/claude-hooks-b5030df2/claude_hooks-0.1.0-py3-none-any.whl"
      }
    },
    "claude-plugins-official": {
      "flake": false,
      "locked": {
        "lastModified": 1774053659,
        "narHash": "sha256-tQ/+NwWtMjlIBAbq8lat8gCQayxf5J1qCjB9yoxfCIU=",
        "owner": "anthropics",
        "repo": "claude-plugins-official",
        "rev": "61c0597779bd2d670dcd4fbbf37c66aa19eb2ce6",
        "type": "github"
      },
      "original": {
        "owner": "anthropics",
        "repo": "claude-plugins-official",
        "type": "github"
      }
    },
    "ducktape-wheel": {
      "flake": false,
      "locked": {
        "narHash": "sha256-5mL/CIW0RRHhPc72yOVi1rnC3FWZ7vfoUbVCaXdSwNE=",
        "type": "file",
        "url": "https://github.com/agentydragon/ducktape/releases/download/ducktape-3358d587/ducktape-0.1.0-py3-none-any.whl"
      },
      "original": {
        "type": "file",
        "url": "https://github.com/agentydragon/ducktape/releases/download/ducktape-3358d587/ducktape-0.1.0-py3-none-any.whl"
      }
    },
    "flake-utils": {
      "inputs": {
        "systems": "systems"
      },
      "locked": {
        "lastModified": 1731533236,
        "narHash": "sha256-l0KFg5HjrsfsO/JpG+r7fRrqm12kzFHyUHqHCVpMMbI=",
        "owner": "numtide",
        "repo": "flake-utils",
        "rev": "11707dc2f618dd54ca8739b309ec4fc024de578b",
        "type": "github"
      },
      "original": {
        "owner": "numtide",
        "repo": "flake-utils",
        "type": "github"
      }
    },
    "gterm-theme-wheel": {
      "flake": false,
      "locked": {
        "narHash": "sha256-ZAR+yEeTX8wGcthDdrfQi7wXfjMXUxoMINhDeGlmcpY=",
        "type": "file",
        "url": "https://github.com/agentydragon/ducktape/releases/download/gterm-theme-3358d587/gterm_theme-0.1.0-py3-none-any.whl"
      },
      "original": {
        "type": "file",
        "url": "https://github.com/agentydragon/ducktape/releases/download/gterm-theme-3358d587/gterm_theme-0.1.0-py3-none-any.whl"
      }
    },
    "home-manager": {
      "inputs": {
        "nixpkgs": [
          "nixpkgs"
        ]
      },
      "locked": {
        "lastModified": 1773963144,
        "narHash": "sha256-WzBOBfSay3GYilUfKaUa1Mbf8/jtuAiJIedx7fWuIX4=",
        "owner": "nix-community",
        "repo": "home-manager",
        "rev": "a91b3ea73a765614d90360580b689c48102d1d33",
        "type": "github"
      },
      "original": {
        "owner": "nix-community",
        "ref": "release-25.11",
        "repo": "home-manager",
        "type": "github"
      }
    },
    "nix-colors": {
      "inputs": {
        "base16-schemes": "base16-schemes",
        "nixpkgs-lib": "nixpkgs-lib"
      },
      "locked": {
        "lastModified": 1707825078,
        "narHash": "sha256-hTfge2J2W+42SZ7VHXkf4kjU+qzFqPeC9k66jAUBMHk=",
        "owner": "Misterio77",
        "repo": "nix-colors",
        "rev": "b01f024090d2c4fc3152cd0cf12027a7b8453ba1",
        "type": "github"
      },
      "original": {
        "owner": "Misterio77",
        "repo": "nix-colors",
        "type": "github"
      }
    },
    "nixGL": {
      "inputs": {
        "flake-utils": "flake-utils",
        "nixpkgs": [
          "nixpkgs"
        ]
      },
      "locked": {
        "lastModified": 1762090880,
        "narHash": "sha256-fbRQzIGPkjZa83MowjbD2ALaJf9y6KMDdJBQMKFeY/8=",
        "owner": "guibou",
        "repo": "nixGL",
        "rev": "b6105297e6f0cd041670c3e8628394d4ee247ed5",
        "type": "github"
      },
      "original": {
        "owner": "guibou",
        "ref": "main",
        "repo": "nixGL",
        "type": "github"
      }
    },
    "nixpkgs": {
      "locked": {
        "lastModified": 1761875112,
        "narHash": "sha256-f/PZh1TaPWer5VVfcH3q6N5g0/qBmPYGcWcqJrCkeK4=",
        "owner": "NixOS",
        "repo": "nixpkgs",
        "rev": "cd7c6b09fc470be8a780bb2d966146e69cf1a1ec",
        "type": "github"
      },
      "original": {
        "owner": "NixOS",
        "repo": "nixpkgs",
        "type": "github"
      }
    },
    "nixpkgs-lib": {
      "locked": {
        "lastModified": 1697935651,
        "narHash": "sha256-qOfWjQ2JQSQL15KLh6D7xQhx0qgZlYZTYlcEiRuAMMw=",
        "owner": "nix-community",
        "repo": "nixpkgs.lib",
        "rev": "e1e11fdbb01113d85c7f41cada9d2847660e3902",
        "type": "github"
      },
      "original": {
        "owner": "nix-community",
        "repo": "nixpkgs.lib",
        "type": "github"
      }
    },
    "nixpkgs-unstable": {
      "locked": {
        "lastModified": 1773821835,
        "narHash": "sha256-TJ3lSQtW0E2JrznGVm8hOQGVpXjJyXY2guAxku2O9A4=",
        "owner": "NixOS",
        "repo": "nixpkgs",
        "rev": "b40629efe5d6ec48dd1efba650c797ddbd39ace0",
        "type": "github"
      },
      "original": {
        "owner": "NixOS",
        "ref": "nixos-unstable",
        "repo": "nixpkgs",
        "type": "github"
      }
    },
    "nixpkgs_2": {
      "locked": {
        "lastModified": 1773814637,
        "narHash": "sha256-GNU+ooRmrHLfjlMsKdn0prEKVa0faVanm0jrgu1J/gY=",
        "owner": "NixOS",
        "repo": "nixpkgs",
        "rev": "fea3b367d61c1a6592bc47c72f40a9f3e6a53e96",
        "type": "github"
      },
      "original": {
        "owner": "NixOS",
        "ref": "nixos-25.11",
        "repo": "nixpkgs",
        "type": "github"
      }
    },
    "root": {
      "inputs": {
        "claude-code-router": "claude-code-router",
        "claude-hooks-wheel": "claude-hooks-wheel",
        "claude-plugins-official": "claude-plugins-official",
        "ducktape-wheel": "ducktape-wheel",
        "gterm-theme-wheel": "gterm-theme-wheel",
        "home-manager": "home-manager",
        "nix-colors": "nix-colors",
        "nixGL": "nixGL",
        "nixpkgs": "nixpkgs_2",
        "nixpkgs-unstable": "nixpkgs-unstable",
        "siderolabs-docs": "siderolabs-docs",
        "skills-tar": "skills-tar",
        "sops-nix": "sops-nix"
      }
    },
    "siderolabs-docs": {
      "flake": false,
      "locked": {
        "lastModified": 1773849788,
        "narHash": "sha256-AsPXWuwwl0hm1vjZHN6F2vrUYU5oPIz9leTJ4x0eHnE=",
        "owner": "siderolabs",
        "repo": "docs",
        "rev": "14dc974ea8855d341e2efab241d5c46daf3327d6",
        "type": "github"
      },
      "original": {
        "owner": "siderolabs",
        "repo": "docs",
        "type": "github"
      }
    },
    "skills-tar": {
      "flake": false,
      "locked": {
        "lastModified": 946684800,
        "narHash": "sha256-eTuc9rckQPhe0/6YOZdnjx4UCkxTct7lj9Ie05mOz7M=",
        "type": "tarball",
        "url": "https://github.com/agentydragon/ducktape/releases/download/skills-cd37da2c/skills.tar"
      },
      "original": {
        "type": "tarball",
        "url": "https://github.com/agentydragon/ducktape/releases/download/skills-cd37da2c/skills.tar"
      }
    },
    "sops-nix": {
      "inputs": {
        "nixpkgs": [
          "nixpkgs"
        ]
      },
      "locked": {
        "lastModified": 1773889674,
        "narHash": "sha256-+ycaiVAk3MEshJTg35cBTUa0MizGiS+bgpYw/f8ohkg=",
        "owner": "Mic92",
        "repo": "sops-nix",
        "rev": "29b6519f3e0780452bca0ac0be4584f04ac16cc5",
        "type": "github"
      },
      "original": {
        "owner": "Mic92",
        "repo": "sops-nix",
        "type": "github"
      }
    },
    "systems": {
      "locked": {
        "lastModified": 1681028828,
        "narHash": "sha256-Vy1rq5AaRuLzOxct8nz4T6wlgyUR7zLU309k9mBC768=",
        "owner": "nix-systems",
        "repo": "default",
        "rev": "da67096a3b9bf56a91d16901293e51ba5b49a27e",
        "type": "github"
      },
      "original": {
        "owner": "nix-systems",
        "repo": "default",
        "type": "github"
      }
    }
  },
  "root": "root",
  "version": 7
}
